
Microsoft Visual Studio Solution File, Format Version 12.00
# Visual Studio Version 17
VisualStudioVersion = 17.5.33530.505
MinimumVisualStudioVersion = 10.0.40219.1
Project("{9A19103F-16F7-4668-BE54-9A1E7A4F7556}") = "XorEncryption", "XorEncryption\XorEncryption.csproj", "{3F254288-40B5-475E-8BAB-94D4C3621549}"
EndProject
Project("{9A19103F-16F7-4668-BE54-9A1E7A4F7556}") = "CaesarEncryption", "CaesarEncryption\CaesarEncryption.csproj", "{5B230E8A-E856-409E-BAA6-8C5F5AD8C19E}"
EndProject
Global
	GlobalSection(SolutionConfigurationPlatforms) = preSolution
		Debug|Any CPU = Debug|Any CPU
		Release|Any CPU = Release|Any CPU
	EndGlobalSection
	GlobalSection(ProjectConfigurationPlatforms) = postSolution
		{3F254288-40B5-475E-8BAB-94D4C3621549}.Debug|Any CPU.ActiveCfg = Debug|Any CPU
		{3F254288-40B5-475E-8BAB-94D4C3621549}.Debug|Any CPU.Build.0 = Debug|Any CPU
		{3F254288-40B5-475E-8BAB-94D4C3621549}.Release|Any CPU.ActiveCfg = Release|Any CPU
		{3F254288-40B5-475E-8BAB-94D4C3621549}.Release|Any CPU.Build.0 = Release|Any CPU
		{5B230E8A-E856-409E-BAA6-8C5F5AD8C19E}.Debug|Any CPU.ActiveCfg = Debug|Any CPU
		{5B230E8A-E856-409E-BAA6-8C5F5AD8C19E}.Debug|Any CPU.Build.0 = Debug|Any CPU
		{5B230E8A-E856-409E-BAA6-8C5F5AD8C19E}.Release|Any CPU.ActiveCfg = Release|Any CPU
		{5B230E8A-E856-409E-BAA6-8C5F5AD8C19E}.Release|Any CPU.Build.0 = Release|Any CPU
	EndGlobalSection
	GlobalSection(SolutionProperties) = preSolution
		HideSolutionNode = FALSE
	EndGlobalSection
	GlobalSection(ExtensibilityGlobals) = postSolution
		SolutionGuid = {F5196726-13DC-4408-AAD2-C8E7F597BA5E}
	EndGlobalSection
EndGlobal
